
Microsoft Visual Studio Solution File, Format Version 12.00
# Visual Studio Version 17
VisualStudioVersion = 17.0.32126.317
MinimumVisualStudioVersion = 10.0.40219.1
Project("{FAE04EC0-301F-11D3-BF4B-00C04F79EFBC}") = "AdvancedMathLibrary", "AdvancedMathLibrary\AdvancedMathLibrary.csproj", "{17C6E771-5C90-460A-8C7F-4967099694E0}"
EndProject
Project("{FAE04EC0-301F-11D3-BF4B-00C04F79EFBC}") = "TestAdvancedMathLibrary", "TestAdvancedMathLibrary\TestAdvancedMathLibrary.csproj", "{EA40CF17-FA25-4F0B-86DB-9A518C2E56AE}"
EndProject
Global
	GlobalSection(SolutionConfigurationPlatforms) = preSolution
		Debug|Any CPU = Debug|Any CPU
		Release|Any CPU = Release|Any CPU
	EndGlobalSection
	GlobalSection(ProjectConfigurationPlatforms) = postSolution
		{17C6E771-5C90-460A-8C7F-4967099694E0}.Debug|Any CPU.ActiveCfg = Debug|Any CPU
		{17C6E771-5C90-460A-8C7F-4967099694E0}.Debug|Any CPU.Build.0 = Debug|Any CPU
		{17C6E771-5C90-460A-8C7F-4967099694E0}.Release|Any CPU.ActiveCfg = Release|Any CPU
		{17C6E771-5C90-460A-8C7F-4967099694E0}.Release|Any CPU.Build.0 = Release|Any CPU
		{EA40CF17-FA25-4F0B-86DB-9A518C2E56AE}.Debug|Any CPU.ActiveCfg = Debug|Any CPU
		{EA40CF17-FA25-4F0B-86DB-9A518C2E56AE}.Debug|Any CPU.Build.0 = Debug|Any CPU
		{EA40CF17-FA25-4F0B-86DB-9A518C2E56AE}.Release|Any CPU.ActiveCfg = Release|Any CPU
		{EA40CF17-FA25-4F0B-86DB-9A518C2E56AE}.Release|Any CPU.Build.0 = Release|Any CPU
	EndGlobalSection
	GlobalSection(SolutionProperties) = preSolution
		HideSolutionNode = FALSE
	EndGlobalSection
	GlobalSection(ExtensibilityGlobals) = postSolution
		SolutionGuid = {A7D43699-E95D-4FA0-9A09-417C2671BB05}
	EndGlobalSection
EndGlobal
